// !$*UTF8*$!
{
	archiveVersion = 1;
	classes = {
	};
	objectVersion = 46;
	objects = {

/* Begin PBXBuildFile section */
		09082A651D4F20C1006B79C2 /* AppDelegate.swift in Sources */ = {isa = PBXBuildFile; fileRef = 09082A641D4F20C1006B79C2 /* AppDelegate.swift */; };
		09082A6C1D4F20C1006B79C2 /* Assets.xcassets in Resources */ = {isa = PBXBuildFile; fileRef = 09082A6B1D4F20C1006B79C2 /* Assets.xcassets */; };
		09082A6F1D4F20C1006B79C2 /* LaunchScreen.storyboard in Resources */ = {isa = PBXBuildFile; fileRef = 09082A6D1D4F20C1006B79C2 /* LaunchScreen.storyboard */; };
		09082A7A1D4F20C1006B79C2 /* MQDrawerDemoTests.swift in Sources */ = {isa = PBXBuildFile; fileRef = 09082A791D4F20C1006B79C2 /* MQDrawerDemoTests.swift */; };
		09082A851D4F2117006B79C2 /* MQDrawerTool.swift in Sources */ = {isa = PBXBuildFile; fileRef = 09082A841D4F2117006B79C2 /* MQDrawerTool.swift */; };
		09082A891D4F223A006B79C2 /* MQContantsTool.swift in Sources */ = {isa = PBXBuildFile; fileRef = 09082A881D4F223A006B79C2 /* MQContantsTool.swift */; };
		09082A8B1D4F2464006B79C2 /* MQMainViewController.swift in Sources */ = {isa = PBXBuildFile; fileRef = 09082A8A1D4F2464006B79C2 /* MQMainViewController.swift */; };
		09082A8D1D4F24B0006B79C2 /* MQTableMainController.swift in Sources */ = {isa = PBXBuildFile; fileRef = 09082A8C1D4F24B0006B79C2 /* MQTableMainController.swift */; };
/* End PBXBuildFile section */

/* Begin PBXContainerItemProxy section */
		09082A761D4F20C1006B79C2 /* PBXContainerItemProxy */ = {
			isa = PBXContainerItemProxy;
			containerPortal = 09082A591D4F20C1006B79C2 /* Project object */;
			proxyType = 1;
			remoteGlobalIDString = 09082A601D4F20C1006B79C2;
			remoteInfo = MQDrawerDemo;
		};
/* End PBXContainerItemProxy section */

/* Begin PBXFileReference section */
		09082A611D4F20C1006B79C2 /* MQDrawerDemo.app */ = {isa = PBXFileReference; explicitFileType = wrapper.application; includeInIndex = 0; path = MQDrawerDemo.app; sourceTree = BUILT_PRODUCTS_DIR; };
		09082A641D4F20C1006B79C2 /* AppDelegate.swift */ = {isa = PBXFileReference; lastKnownFileType = sourcecode.swift; path = AppDelegate.swift; sourceTree = "<group>"; };
		09082A6B1D4F20C1006B79C2 /* Assets.xcassets */ = {isa = PBXFileReference; lastKnownFileType = folder.assetcatalog; path = Assets.xcassets; sourceTree = "<group>"; };
		09082A6E1D4F20C1006B79C2 /* Base */ = {isa = PBXFileReference; lastKnownFileType = file.storyboard; name = Base; path = Base.lproj/LaunchScreen.storyboard; sourceTree = "<group>"; };
		09082A701D4F20C1006B79C2 /* Info.plist */ = {isa = PBXFileReference; lastKnownFileType = text.plist.xml; path = Info.plist; sourceTree = "<group>"; };
		09082A751D4F20C1006B79C2 /* MQDrawerDemoTests.xctest */ = {isa = PBXFileReference; explicitFileType = wrapper.cfbundle; includeInIndex = 0; path = MQDrawerDemoTests.xctest; sourceTree = BUILT_PRODUCTS_DIR; };
		09082A791D4F20C1006B79C2 /* MQDrawerDemoTests.swift */ = {isa = PBXFileReference; lastKnownFileType = sourcecode.swift; path = MQDrawerDemoTests.swift; sourceTree = "<group>"; };
		09082A7B1D4F20C1006B79C2 /* Info.plist */ = {isa = PBXFileReference; lastKnownFileType = text.plist.xml; path = Info.plist; sourceTree = "<group>"; };
		09082A841D4F2117006B79C2 /* MQDrawerTool.swift */ = {isa = PBXFileReference; fileEncoding = 4; lastKnownFileType = sourcecode.swift; path = MQDrawerTool.swift; sourceTree = "<group>"; };
		09082A881D4F223A006B79C2 /* MQContantsTool.swift */ = {isa = PBXFileReference; fileEncoding = 4; lastKnownFileType = sourcecode.swift; path = MQContantsTool.swift; sourceTree = "<group>"; };
		09082A8A1D4F2464006B79C2 /* MQMainViewController.swift */ = {isa = PBXFileReference; fileEncoding = 4; lastKnownFileType = sourcecode.swift; path = MQMainViewController.swift; sourceTree = "<group>"; };
		09082A8C1D4F24B0006B79C2 /* MQTableMainController.swift */ = {isa = PBXFileReference; fileEncoding = 4; lastKnownFileType = sourcecode.swift; path = MQTableMainController.swift; sourceTree = "<group>"; };
/* End PBXFileReference section */

/* Begin PBXFrameworksBuildPhase section */
		09082A5E1D4F20C1006B79C2 /* Frameworks */ = {
			isa = PBXFrameworksBuildPhase;
			buildActionMask = 2147483647;
			files = (
			);
			runOnlyForDeploymentPostprocessing = 0;
		};
		09082A721D4F20C1006B79C2 /* Frameworks */ = {
			isa = PBXFrameworksBuildPhase;
			buildActionMask = 2147483647;
			files = (
			);
			runOnlyForDeploymentPostprocessing = 0;
		};
/* End PBXFrameworksBuildPhase section */

/* Begin PBXGroup section */
		09082A581D4F20C1006B79C2 = {
			isa = PBXGroup;
			children = (
				09082A631D4F20C1006B79C2 /* MQDrawerDemo */,
				09082A781D4F20C1006B79C2 /* MQDrawerDemoTests */,
				09082A621D4F20C1006B79C2 /* Products */,
			);
			sourceTree = "<group>";
		};
		09082A621D4F20C1006B79C2 /* Products */ = {
			isa = PBXGroup;
			children = (
				09082A611D4F20C1006B79C2 /* MQDrawerDemo.app */,
				09082A751D4F20C1006B79C2 /* MQDrawerDemoTests.xctest */,
			);
			name = Products;
			sourceTree = "<group>";
		};
		09082A631D4F20C1006B79C2 /* MQDrawerDemo */ = {
			isa = PBXGroup;
			children = (
				09082A641D4F20C1006B79C2 /* AppDelegate.swift */,
				09082A841D4F2117006B79C2 /* MQDrawerTool.swift */,
				09082A881D4F223A006B79C2 /* MQContantsTool.swift */,
				09082A8A1D4F2464006B79C2 /* MQMainViewController.swift */,
				09082A8C1D4F24B0006B79C2 /* MQTableMainController.swift */,
				09082A6B1D4F20C1006B79C2 /* Assets.xcassets */,
				09082A6D1D4F20C1006B79C2 /* LaunchScreen.storyboard */,
				09082A701D4F20C1006B79C2 /* Info.plist */,
			);
			path = MQDrawerDemo;
			sourceTree = "<group>";
		};
		09082A781D4F20C1006B79C2 /* MQDrawerDemoTests */ = {
			isa = PBXGroup;
			children = (
				09082A791D4F20C1006B79C2 /* MQDrawerDemoTests.swift */,
				09082A7B1D4F20C1006B79C2 /* Info.plist */,
			);
			path = MQDrawerDemoTests;
			sourceTree = "<group>";
		};
/* End PBXGroup section */

/* Begin PBXNativeTarget section */
		09082A601D4F20C1006B79C2 /* MQDrawerDemo */ = {
			isa = PBXNativeTarget;
			buildConfigurationList = 09082A7E1D4F20C1006B79C2 /* Build configuration list for PBXNativeTarget "MQDrawerDemo" */;
			buildPhases = (
				09082A5D1D4F20C1006B79C2 /* Sources */,
				09082A5E1D4F20C1006B79C2 /* Frameworks */,
				09082A5F1D4F20C1006B79C2 /* Resources */,
			);
			buildRules = (
			);
			dependencies = (
			);
			name = MQDrawerDemo;
			productName = MQDrawerDemo;
			productReference = 09082A611D4F20C1006B79C2 /* MQDrawerDemo.app */;
			productType = "com.apple.product-type.application";
		};
		09082A741D4F20C1006B79C2 /* MQDrawerDemoTests */ = {
			isa = PBXNativeTarget;
			buildConfigurationList = 09082A811D4F20C1006B79C2 /* Build configuration list for PBXNativeTarget "MQDrawerDemoTests" */;
			buildPhases = (
				09082A711D4F20C1006B79C2 /* Sources */,
				09082A721D4F20C1006B79C2 /* Frameworks */,
				09082A731D4F20C1006B79C2 /* Resources */,
			);
			buildRules = (
			);
			dependencies = (
				09082A771D4F20C1006B79C2 /* PBXTargetDependency */,
			);
			name = MQDrawerDemoTests;
			productName = MQDrawerDemoTests;
			productReference = 09082A751D4F20C1006B79C2 /* MQDrawerDemoTests.xctest */;
			productType = "com.apple.product-type.bundle.unit-test";
		};
/* End PBXNativeTarget section */

/* Begin PBXProject section */
		09082A591D4F20C1006B79C2 /* Project object */ = {
			isa = PBXProject;
			attributes = {
				LastSwiftUpdateCheck = 0730;
				LastUpgradeCheck = 0730;
				ORGANIZATIONNAME = mengQuietly;
				TargetAttributes = {
					09082A601D4F20C1006B79C2 = {
						CreatedOnToolsVersion = 7.3.1;
					};
					09082A741D4F20C1006B79C2 = {
						CreatedOnToolsVersion = 7.3.1;
						TestTargetID = 09082A601D4F20C1006B79C2;
					};
				};
			};
			buildConfigurationList = 09082A5C1D4F20C1006B79C2 /* Build configuration list for PBXProject "MQDrawerDemo" */;
			compatibilityVersion = "Xcode 3.2";
			developmentRegion = English;
			hasScannedForEncodings = 0;
			knownRegions = (
				en,
				Base,
			);
			mainGroup = 09082A581D4F20C1006B79C2;
			productRefGroup = 09082A621D4F20C1006B79C2 /* Products */;
			projectDirPath = "";
			projectRoot = "";
			targets = (
				09082A601D4F20C1006B79C2 /* MQDrawerDemo */,
				09082A741D4F20C1006B79C2 /* MQDrawerDemoTests */,
			);
		};
/* End PBXProject section */

/* Begin PBXResourcesBuildPhase section */
		09082A5F1D4F20C1006B79C2 /* Resources */ = {
			isa = PBXResourcesBuildPhase;
			buildActionMask = 2147483647;
			files = (
				09082A6F1D4F20C1006B79C2 /* LaunchScreen.storyboard in Resources */,
				09082A6C1D4F20C1006B79C2 /* Assets.xcassets in Resources */,
			);
			runOnlyForDeploymentPostprocessing = 0;
		};
		09082A731D4F20C1006B79C2 /* Resources */ = {
			isa = PBXResourcesBuildPhase;
			buildActionMask = 2147483647;
			files = (
			);
			runOnlyForDeploymentPostprocessing = 0;
		};
/* End PBXResourcesBuildPhase section */

/* Begin PBXSourcesBuildPhase section */
		09082A5D1D4F20C1006B79C2 /* Sources */ = {
			isa = PBXSourcesBuildPhase;
			buildActionMask = 2147483647;
			files = (
				09082A891D4F223A006B79C2 /* MQContantsTool.swift in Sources */,
				09082A851D4F2117006B79C2 /* MQDrawerTool.swift in Sources */,
				09082A651D4F20C1006B79C2 /* AppDelegate.swift in Sources */,
				09082A8D1D4F24B0006B79C2 /* MQTableMainController.swift in Sources */,
				09082A8B1D4F2464006B79C2 /* MQMainViewController.swift in Sources */,
			);
			runOnlyForDeploymentPostprocessing = 0;
		};
		09082A711D4F20C1006B79C2 /* Sources */ = {
			isa = PBXSourcesBuildPhase;
			buildActionMask = 2147483647;
			files = (
				09082A7A1D4F20C1006B79C2 /* MQDrawerDemoTests.swift in Sources */,
			);
			runOnlyForDeploymentPostprocessing = 0;
		};
/* End PBXSourcesBuildPhase section */

/* Begin PBXTargetDependency section */
		09082A771D4F20C1006B79C2 /* PBXTargetDependency */ = {
			isa = PBXTargetDependency;
			target = 09082A601D4F20C1006B79C2 /* MQDrawerDemo */;
			targetProxy = 09082A761D4F20C1006B79C2 /* PBXContainerItemProxy */;
		};
/* End PBXTargetDependency section */

/* Begin PBXVariantGroup section */
		09082A6D1D4F20C1006B79C2 /* LaunchScreen.storyboard */ = {
			isa = PBXVariantGroup;
			children = (
				09082A6E1D4F20C1006B79C2 /* Base */,
			);
			name = LaunchScreen.storyboard;
			sourceTree = "<group>";
		};
/* End PBXVariantGroup section */

/* Begin XCBuildConfiguration section */
		09082A7C1D4F20C1006B79C2 /* Debug */ = {
			isa = XCBuildConfiguration;
			buildSettings = {
				ALWAYS_SEARCH_USER_PATHS = NO;
				CLANG_ANALYZER_NONNULL = YES;
				CLANG_CXX_LANGUAGE_STANDARD = "gnu++0x";
				CLANG_CXX_LIBRARY = "libc++";
				CLANG_ENABLE_MODULES = YES;
				CLANG_ENABLE_OBJC_ARC = YES;
				CLANG_WARN_BOOL_CONVERSION = YES;
				CLANG_WARN_CONSTANT_CONVERSION = YES;
				CLANG_WARN_DIRECT_OBJC_ISA_USAGE = YES_ERROR;
				CLANG_WARN_EMPTY_BODY = YES;
				CLANG_WARN_ENUM_CONVERSION = YES;
				CLANG_WARN_INT_CONVERSION = YES;
				CLANG_WARN_OBJC_ROOT_CLASS = YES_ERROR;
				CLANG_WARN_UNREACHABLE_CODE = YES;
				CLANG_WARN__DUPLICATE_METHOD_MATCH = YES;
				"CODE_SIGN_IDENTITY[sdk=iphoneos*]" = "iPhone Developer";
				COPY_PHASE_STRIP = NO;
				DEBUG_INFORMATION_FORMAT = dwarf;
				ENABLE_STRICT_OBJC_MSGSEND = YES;
				ENABLE_TESTABILITY = YES;
				GCC_C_LANGUAGE_STANDARD = gnu99;
				GCC_DYNAMIC_NO_PIC = NO;
				GCC_NO_COMMON_BLOCKS = YES;
				GCC_OPTIMIZATION_LEVEL = 0;
				GCC_PREPROCESSOR_DEFINITIONS = (
					"DEBUG=1",
					"$(inherited)",
				);
				GCC_WARN_64_TO_32_BIT_CONVERSION = YES;
				GCC_WARN_ABOUT_RETURN_TYPE = YES_ERROR;
				GCC_WARN_UNDECLARED_SELECTOR = YES;
				GCC_WARN_UNINITIALIZED_AUTOS = YES_AGGRESSIVE;
				GCC_WARN_UNUSED_FUNCTION = YES;
				GCC_WARN_UNUSED_VARIABLE = YES;
				IPHONEOS_DEPLOYMENT_TARGET = 9.3;
				MTL_ENABLE_DEBUG_INFO = YES;
				ONLY_ACTIVE_ARCH = YES;
				SDKROOT = iphoneos;
				SWIFT_OPTIMIZATION_LEVEL = "-Onone";
				TARGETED_DEVICE_FAMILY = "1,2";
			};
			name = Debug;
		};
		09082A7D1D4F20C1006B79C2 /* Release */ = {
			isa = XCBuildConfiguration;
			buildSettings = {
				ALWAYS_SEARCH_USER_PATHS = NO;
				CLANG_ANALYZER_NONNULL = YES;
				CLANG_CXX_LANGUAGE_STANDARD = "gnu++0x";
				CLANG_CXX_LIBRARY = "libc++";
				CLANG_ENABLE_MODULES = YES;
				CLANG_ENABLE_OBJC_ARC = YES;
				CLANG_WARN_BOOL_CONVERSION = YES;
				CLANG_WARN_CONSTANT_CONVERSION = YES;
				CLANG_WARN_DIRECT_OBJC_ISA_USAGE = YES_ERROR;
				CLANG_WARN_EMPTY_BODY = YES;
				CLANG_WARN_ENUM_CONVERSION = YES;
				CLANG_WARN_INT_CONVERSION = YES;
				CLANG_WARN_OBJC_ROOT_CLASS = YES_ERROR;
				CLANG_WARN_UNREACHABLE_CODE = YES;
				CLANG_WARN__DUPLICATE_METHOD_MATCH = YES;
				"CODE_SIGN_IDENTITY[sdk=iphoneos*]" = "iPhone Developer";
				COPY_PHASE_STRIP = NO;
				DEBUG_INFORMATION_FORMAT = "dwarf-with-dsym";
				ENABLE_NS_ASSERTIONS = NO;
				ENABLE_STRICT_OBJC_MSGSEND = YES;
				GCC_C_LANGUAGE_STANDARD = gnu99;
				GCC_NO_COMMON_BLOCKS = YES;
				GCC_WARN_64_TO_32_BIT_CONVERSION = YES;
				GCC_WARN_ABOUT_RETURN_TYPE = YES_ERROR;
				GCC_WARN_UNDECLARED_SELECTOR = YES;
				GCC_WARN_UNINITIALIZED_AUTOS = YES_AGGRESSIVE;
				GCC_WARN_UNUSED_FUNCTION = YES;
				GCC_WARN_UNUSED_VARIABLE = YES;
				IPHONEOS_DEPLOYMENT_TARGET = 9.3;
				MTL_ENABLE_DEBUG_INFO = NO;
				SDKROOT = iphoneos;
				TARGETED_DEVICE_FAMILY = "1,2";
				VALIDATE_PRODUCT = YES;
			};
			name = Release;
		};
		09082A7F1D4F20C1006B79C2 /* Debug */ = {
			isa = XCBuildConfiguration;
			buildSettings = {
				ASSETCATALOG_COMPILER_APPICON_NAME = AppIcon;
				INFOPLIST_FILE = MQDrawerDemo/Info.plist;
				LD_RUNPATH_SEARCH_PATHS = "$(inherited) @executable_path/Frameworks";
				PRODUCT_BUNDLE_IDENTIFIER = com.mengQuietly.MQDrawerDemo;
				PRODUCT_NAME = "$(TARGET_NAME)";
			};
			name = Debug;
		};
		09082A801D4F20C1006B79C2 /* Release */ = {
			isa = XCBuildConfiguration;
			buildSettings = {
				ASSETCATALOG_COMPILER_APPICON_NAME = AppIcon;
				INFOPLIST_FILE = MQDrawerDemo/Info.plist;
				LD_RUNPATH_SEARCH_PATHS = "$(inherited) @executable_path/Frameworks";
				PRODUCT_BUNDLE_IDENTIFIER = com.mengQuietly.MQDrawerDemo;
				PRODUCT_NAME = "$(TARGET_NAME)";
			};
			name = Release;
		};
		09082A821D4F20C1006B79C2 /* Debug */ = {
			isa = XCBuildConfiguration;
			buildSettings = {
				BUNDLE_LOADER = "$(TEST_HOST)";
				INFOPLIST_FILE = MQDrawerDemoTests/Info.plist;
				LD_RUNPATH_SEARCH_PATHS = "$(inherited) @executable_path/Frameworks @loader_path/Frameworks";
				PRODUCT_BUNDLE_IDENTIFIER = com.mengQuietly.MQDrawerDemoTests;
				PRODUCT_NAME = "$(TARGET_NAME)";
				TEST_HOST = "$(BUILT_PRODUCTS_DIR)/MQDrawerDemo.app/MQDrawerDemo";
			};
			name = Debug;
		};
		09082A831D4F20C1006B79C2 /* Release */ = {
			isa = XCBuildConfiguration;
			buildSettings = {
				BUNDLE_LOADER = "$(TEST_HOST)";
				INFOPLIST_FILE = MQDrawerDemoTests/Info.plist;
				LD_RUNPATH_SEARCH_PATHS = "$(inherited) @executable_path/Frameworks @loader_path/Frameworks";
				PRODUCT_BUNDLE_IDENTIFIER = com.mengQuietly.MQDrawerDemoTests;
				PRODUCT_NAME = "$(TARGET_NAME)";
				TEST_HOST = "$(BUILT_PRODUCTS_DIR)/MQDrawerDemo.app/MQDrawerDemo";
			};
			name = Release;
		};
/* End XCBuildConfiguration section */

/* Begin XCConfigurationList section */
		09082A5C1D4F20C1006B79C2 /* Build configuration list for PBXProject "MQDrawerDemo" */ = {
			isa = XCConfigurationList;
			buildConfigurations = (
				09082A7C1D4F20C1006B79C2 /* Debug */,
				09082A7D1D4F20C1006B79C2 /* Release */,
			);
			defaultConfigurationIsVisible = 0;
			defaultConfigurationName = Release;
		};
		09082A7E1D4F20C1006B79C2 /* Build configuration list for PBXNativeTarget "MQDrawerDemo" */ = {
			isa = XCConfigurationList;
			buildConfigurations = (
				09082A7F1D4F20C1006B79C2 /* Debug */,
				09082A801D4F20C1006B79C2 /* Release */,
			);
			defaultConfigurationIsVisible = 0;
			defaultConfigurationName = Release;
		};
		09082A811D4F20C1006B79C2 /* Build configuration list for PBXNativeTarget "MQDrawerDemoTests" */ = {
			isa = XCConfigurationList;
			buildConfigurations = (
				09082A821D4F20C1006B79C2 /* Debug */,
				09082A831D4F20C1006B79C2 /* Release */,
			);
			defaultConfigurationIsVisible = 0;
			defaultConfigurationName = Release;
		};
/* End XCConfigurationList section */
	};
	rootObject = 09082A591D4F20C1006B79C2 /* Project object */;
}
